
Microsoft Visual Studio Solution File, Format Version 12.00
# Visual Studio 15
VisualStudioVersion = 15.0.27004.2010
MinimumVisualStudioVersion = 10.0.40219.1
Project("{9A19103F-16F7-4668-BE54-9A1E7A4F7556}") = "GoCameo", "GoCameo\GoCameo.csproj", "{6AECC43B-7820-4C6B-BC6F-7F54E1E50998}"
EndProject
Global
	GlobalSection(SolutionConfigurationPlatforms) = preSolution
		Debug|Any CPU = Debug|Any CPU
		Release|Any CPU = Release|Any CPU
	EndGlobalSection
	GlobalSection(ProjectConfigurationPlatforms) = postSolution
		{6AECC43B-7820-4C6B-BC6F-7F54E1E50998}.Debug|Any CPU.ActiveCfg = Debug|Any CPU
		{6AECC43B-7820-4C6B-BC6F-7F54E1E50998}.Debug|Any CPU.Build.0 = Debug|Any CPU
		{6AECC43B-7820-4C6B-BC6F-7F54E1E50998}.Release|Any CPU.ActiveCfg = Release|Any CPU
		{6AECC43B-7820-4C6B-BC6F-7F54E1E50998}.Release|Any CPU.Build.0 = Release|Any CPU
	EndGlobalSection
	GlobalSection(SolutionProperties) = preSolution
		HideSolutionNode = FALSE
	EndGlobalSection
	GlobalSection(ExtensibilityGlobals) = postSolution
		SolutionGuid = {33E4278B-DDF3-4712-8BD3-AE59C30CB427}
	EndGlobalSection
EndGlobal
